hash: f52601031bca2d7029bd5a0f584b185662fd36291c1014b799bbc825a508ad7f
updated: 2018-05-27T18:06:02.938879-07:00
imports:
- name: github.com/codegangsta/inject
  version: 33e0aa1cb7c019ccc3fbe049a8262a6403d30504
- name: github.com/go-martini/martini
  version: 49411a5b646861ad29a6ddd5351717a0a9c49b94
testImports: []
