hash: 3e126256f7a9a5c3fc4698630e49eef3f7c0bf57701a976ac576a2b15904becb
updated: 2018-01-14T19:21:26.812234-08:00
imports:
- name: github.com/codegangsta/inject
  version: 33e0aa1cb7c019ccc3fbe049a8262a6403d30504
- name: github.com/go-martini/martini
  version: 49411a5b646861ad29a6ddd5351717a0a9c49b94
testImports: []
